{
  "nodes": {
    "brew-src": {
      "flake": false,
      "locked": {
        "lastModified": 1748658199,
        "narHash": "sha256-xmI9Bk8zDWgmvJlPpeHZk9yHCZPG5uxZH9VmdEdWCkU=",
        "owner": "Homebrew",
        "repo": "brew",
        "rev": "54c8b127ea2263fbbaf1354e3d8d86025e387ea6",
        "type": "github"
      },
      "original": {
        "owner": "Homebrew",
        "ref": "4.5.4",
        "repo": "brew",
        "type": "github"
      }
    },
    "flake-compat": {
      "flake": false,
      "locked": {
        "lastModified": 1696426674,
        "narHash": "sha256-kvjfFW7WAETZlt09AgDn1MrtKzP7t90Vf7vypd3OL1U=",
        "owner": "edolstra",
        "repo": "flake-compat",
        "rev": "0f9255e01c2351cc7d116c072cb317785dd33b33",
        "type": "github"
      },
      "original": {
        "owner": "edolstra",
        "repo": "flake-compat",
        "type": "github"
      }
    },
    "flake-utils": {
      "inputs": {
        "systems": "systems"
      },
      "locked": {
        "lastModified": 1705309234,
        "narHash": "sha256-uNRRNRKmJyCRC/8y1RqBkqWBLM034y4qN7EprSdmgyA=",
        "owner": "numtide",
        "repo": "flake-utils",
        "rev": "1ef2e671c3b0c19053962c07dbda38332dcebf26",
        "type": "github"
      },
      "original": {
        "owner": "numtide",
        "repo": "flake-utils",
        "type": "github"
      }
    },
    "home-manager": {
      "inputs": {
        "nixpkgs": [
          "nixpkgs"
        ]
      },
      "locked": {
        "lastModified": 1749499854,
        "narHash": "sha256-V1BgwiX8NjbRreU6LC2EzmuqFSQAHhoSeNlYJyZ40NE=",
        "owner": "nix-community",
        "repo": "home-manager",
        "rev": "1df816c407d3a5090c8496c9b00170af7891f021",
        "type": "github"
      },
      "original": {
        "owner": "nix-community",
        "repo": "home-manager",
        "type": "github"
      }
    },
    "nix-darwin": {
      "inputs": {
        "nixpkgs": [
          "nixpkgs"
        ]
      },
      "locked": {
        "lastModified": 1749194393,
        "narHash": "sha256-vt6hM9DNywnXXuW1qPDLzECmbDcmxhh58wpb0EEQjAo=",
        "owner": "LnL7",
        "repo": "nix-darwin",
        "rev": "19346808c445f23b08652971be198b9df6c33edc",
        "type": "github"
      },
      "original": {
        "owner": "LnL7",
        "repo": "nix-darwin",
        "type": "github"
      }
    },
    "nix-homebrew": {
      "inputs": {
        "brew-src": "brew-src"
      },
      "locked": {
        "lastModified": 1749061673,
        "narHash": "sha256-cMXNT+bMgnbH1OVlGEGUr2K7Fbq+MXC2rGLnHjduQT0=",
        "owner": "zhaofengli-wip",
        "repo": "nix-homebrew",
        "rev": "5108f0846cde2080aaeb1c7b08e3bd7d27f33b57",
        "type": "github"
      },
      "original": {
        "owner": "zhaofengli-wip",
        "repo": "nix-homebrew",
        "type": "github"
      }
    },
    "nixpkgs": {
      "locked": {
        "lastModified": 1749401433,
        "narHash": "sha256-HXIQzULIG/MEUW2Q/Ss47oE3QrjxvpUX7gUl4Xp6lnc=",
        "owner": "NixOS",
        "repo": "nixpkgs",
        "rev": "08fcb0dcb59df0344652b38ea6326a2d8271baff",
        "type": "github"
      },
      "original": {
        "owner": "NixOS",
        "ref": "nixpkgs-unstable",
        "repo": "nixpkgs",
        "type": "github"
      }
    },
    "nixpkgs-stable": {
      "locked": {
        "lastModified": 1749173751,
        "narHash": "sha256-ENY3y3v6S9ZmLDDLI3LUT8MXmfXg/fSt2eA4GCnMVCE=",
        "owner": "nixos",
        "repo": "nixpkgs",
        "rev": "ed29f002b6d6e5e7e32590deb065c34a31dc3e91",
        "type": "github"
      },
      "original": {
        "owner": "nixos",
        "ref": "nixos-24.11",
        "repo": "nixpkgs",
        "type": "github"
      }
    },
    "nixpkgs_2": {
      "locked": {
        "lastModified": 1708161998,
        "narHash": "sha256-6KnemmUorCvlcAvGziFosAVkrlWZGIc6UNT9GUYr0jQ=",
        "owner": "NixOS",
        "repo": "nixpkgs",
        "rev": "84d981bae8b5e783b3b548de505b22880559515f",
        "type": "github"
      },
      "original": {
        "owner": "NixOS",
        "ref": "nixos-23.11",
        "repo": "nixpkgs",
        "type": "github"
      }
    },
    "root": {
      "inputs": {
        "home-manager": "home-manager",
        "nix-darwin": "nix-darwin",
        "nix-homebrew": "nix-homebrew",
        "nixpkgs": "nixpkgs",
        "nixpkgs-stable": "nixpkgs-stable",
        "tokyonight-overlay": "tokyonight-overlay",
        "zig-overlay": "zig-overlay"
      }
    },
    "systems": {
      "locked": {
        "lastModified": 1681028828,
        "narHash": "sha256-Vy1rq5AaRuLzOxct8nz4T6wlgyUR7zLU309k9mBC768=",
        "owner": "nix-systems",
        "repo": "default",
        "rev": "da67096a3b9bf56a91d16901293e51ba5b49a27e",
        "type": "github"
      },
      "original": {
        "owner": "nix-systems",
        "repo": "default",
        "type": "github"
      }
    },
    "tokyonight": {
      "flake": false,
      "locked": {
        "lastModified": 1718132322,
        "narHash": "sha256-KaGzxJGiNGziDT8vLZcLjU26//OcL3/tmmu5dYB6w1c=",
        "owner": "folke",
        "repo": "tokyonight.nvim",
        "rev": "024621763d91bb48f2b486df529c7aaeb8d6d355",
        "type": "github"
      },
      "original": {
        "owner": "folke",
        "repo": "tokyonight.nvim",
        "type": "github"
      }
    },
    "tokyonight-overlay": {
      "inputs": {
        "tokyonight": "tokyonight",
        "tokyonight-rofi": "tokyonight-rofi"
      },
      "locked": {
        "lastModified": 1744398025,
        "narHash": "sha256-NhxZ0ZtNeupQ3/Rk3RQwRPgcSwGVExRR7mELFlRsq1U=",
        "owner": "mrjones2014",
        "repo": "tokyonight.nix",
        "rev": "c78baee8d8ef560fe81156b952c99b1f8e649a5b",
        "type": "github"
      },
      "original": {
        "owner": "mrjones2014",
        "repo": "tokyonight.nix",
        "type": "github"
      }
    },
    "tokyonight-rofi": {
      "flake": false,
      "locked": {
        "lastModified": 1710787931,
        "narHash": "sha256-bgRt1TEMSju4NzFu7jtLzGNBtKE7HHS+mscGYHK0xBM=",
        "owner": "w8ste",
        "repo": "Tokyonight-rofi-theme",
        "rev": "7400f6c3cc1ae5fa6c21c3dfce2421e6ee94322c",
        "type": "github"
      },
      "original": {
        "owner": "w8ste",
        "repo": "Tokyonight-rofi-theme",
        "type": "github"
      }
    },
    "zig-overlay": {
      "inputs": {
        "flake-compat": "flake-compat",
        "flake-utils": "flake-utils",
        "nixpkgs": "nixpkgs_2"
      },
      "locked": {
        "lastModified": 1749471226,
        "narHash": "sha256-utnO33QiG8irHyUNqfPLn6g82BOnq8sPyCdZgeVDH7A=",
        "owner": "mitchellh",
        "repo": "zig-overlay",
        "rev": "214e22128fd80692a4a8e88444e18be43e23396b",
        "type": "github"
      },
      "original": {
        "owner": "mitchellh",
        "repo": "zig-overlay",
        "type": "github"
      }
    }
  },
  "root": "root",
  "version": 7
}
