{
  "nodes": {
    "flake-compat": {
      "flake": false,
      "locked": {
        "lastModified": 1696426674,
        "narHash": "sha256-kvjfFW7WAETZlt09AgDn1MrtKzP7t90Vf7vypd3OL1U=",
        "owner": "edolstra",
        "repo": "flake-compat",
        "rev": "0f9255e01c2351cc7d116c072cb317785dd33b33",
        "type": "github"
      },
      "original": {
        "owner": "edolstra",
        "repo": "flake-compat",
        "type": "github"
      }
    },
    "flake-utils": {
      "inputs": {
        "systems": "systems"
      },
      "locked": {
        "lastModified": 1705309234,
        "narHash": "sha256-uNRRNRKmJyCRC/8y1RqBkqWBLM034y4qN7EprSdmgyA=",
        "owner": "numtide",
        "repo": "flake-utils",
        "rev": "1ef2e671c3b0c19053962c07dbda38332dcebf26",
        "type": "github"
      },
      "original": {
        "owner": "numtide",
        "repo": "flake-utils",
        "type": "github"
      }
    },
    "home-manager": {
      "inputs": {
        "nixpkgs": [
          "nixpkgs"
        ]
      },
      "locked": {
        "lastModified": 1765337252,
        "narHash": "sha256-HuWQp8fM25fyWflbuunQkQI62Hg0ecJxWD52FAgmxqY=",
        "owner": "nix-community",
        "repo": "home-manager",
        "rev": "13cc1efd78b943b98c08d74c9060a5b59bf86921",
        "type": "github"
      },
      "original": {
        "owner": "nix-community",
        "repo": "home-manager",
        "type": "github"
      }
    },
    "nix-darwin": {
      "inputs": {
        "nixpkgs": [
          "nixpkgs"
        ]
      },
      "locked": {
        "lastModified": 1765065051,
        "narHash": "sha256-b7W9WsvyMOkUScNxbzS45KEJp0iiqRPyJ1I3JBE+oEE=",
        "owner": "LnL7",
        "repo": "nix-darwin",
        "rev": "7e22bf538aa3e0937effcb1cee73d5f1bcc26f79",
        "type": "github"
      },
      "original": {
        "owner": "LnL7",
        "repo": "nix-darwin",
        "type": "github"
      }
    },
    "nixpkgs": {
      "locked": {
        "lastModified": 1765270179,
        "narHash": "sha256-g2a4MhRKu4ymR4xwo+I+auTknXt/+j37Lnf0Mvfl1rE=",
        "owner": "NixOS",
        "repo": "nixpkgs",
        "rev": "677fbe97984e7af3175b6c121f3c39ee5c8d62c9",
        "type": "github"
      },
      "original": {
        "owner": "NixOS",
        "ref": "nixpkgs-unstable",
        "repo": "nixpkgs",
        "type": "github"
      }
    },
    "nixpkgs-stable": {
      "locked": {
        "lastModified": 1751274312,
        "narHash": "sha256-/bVBlRpECLVzjV19t5KMdMFWSwKLtb5RyXdjz3LJT+g=",
        "owner": "nixos",
        "repo": "nixpkgs",
        "rev": "50ab793786d9de88ee30ec4e4c24fb4236fc2674",
        "type": "github"
      },
      "original": {
        "owner": "nixos",
        "ref": "nixos-24.11",
        "repo": "nixpkgs",
        "type": "github"
      }
    },
    "nixpkgs_2": {
      "locked": {
        "lastModified": 1708161998,
        "narHash": "sha256-6KnemmUorCvlcAvGziFosAVkrlWZGIc6UNT9GUYr0jQ=",
        "owner": "NixOS",
        "repo": "nixpkgs",
        "rev": "84d981bae8b5e783b3b548de505b22880559515f",
        "type": "github"
      },
      "original": {
        "owner": "NixOS",
        "ref": "nixos-23.11",
        "repo": "nixpkgs",
        "type": "github"
      }
    },
    "root": {
      "inputs": {
        "home-manager": "home-manager",
        "nix-darwin": "nix-darwin",
        "nixpkgs": "nixpkgs",
        "nixpkgs-stable": "nixpkgs-stable",
        "tokyonight-overlay": "tokyonight-overlay",
        "zig-overlay": "zig-overlay"
      }
    },
    "systems": {
      "locked": {
        "lastModified": 1681028828,
        "narHash": "sha256-Vy1rq5AaRuLzOxct8nz4T6wlgyUR7zLU309k9mBC768=",
        "owner": "nix-systems",
        "repo": "default",
        "rev": "da67096a3b9bf56a91d16901293e51ba5b49a27e",
        "type": "github"
      },
      "original": {
        "owner": "nix-systems",
        "repo": "default",
        "type": "github"
      }
    },
    "tokyonight": {
      "flake": false,
      "locked": {
        "lastModified": 1718132322,
        "narHash": "sha256-KaGzxJGiNGziDT8vLZcLjU26//OcL3/tmmu5dYB6w1c=",
        "owner": "folke",
        "repo": "tokyonight.nvim",
        "rev": "024621763d91bb48f2b486df529c7aaeb8d6d355",
        "type": "github"
      },
      "original": {
        "owner": "folke",
        "repo": "tokyonight.nvim",
        "type": "github"
      }
    },
    "tokyonight-overlay": {
      "inputs": {
        "tokyonight": "tokyonight",
        "tokyonight-rofi": "tokyonight-rofi"
      },
      "locked": {
        "lastModified": 1764626844,
        "narHash": "sha256-gA3VDh4Cv2VGS0rXWcWX57zk3EoEhvWDsLsA8x44jYE=",
        "owner": "mrjones2014",
        "repo": "tokyonight.nix",
        "rev": "a7a24932ef12895c732aacc46ca5c42b0d0609ca",
        "type": "github"
      },
      "original": {
        "owner": "mrjones2014",
        "repo": "tokyonight.nix",
        "type": "github"
      }
    },
    "tokyonight-rofi": {
      "flake": false,
      "locked": {
        "lastModified": 1710787931,
        "narHash": "sha256-bgRt1TEMSju4NzFu7jtLzGNBtKE7HHS+mscGYHK0xBM=",
        "owner": "w8ste",
        "repo": "Tokyonight-rofi-theme",
        "rev": "7400f6c3cc1ae5fa6c21c3dfce2421e6ee94322c",
        "type": "github"
      },
      "original": {
        "owner": "w8ste",
        "repo": "Tokyonight-rofi-theme",
        "type": "github"
      }
    },
    "zig-overlay": {
      "inputs": {
        "flake-compat": "flake-compat",
        "flake-utils": "flake-utils",
        "nixpkgs": "nixpkgs_2"
      },
      "locked": {
        "lastModified": 1764203689,
        "narHash": "sha256-ivb0SqCptyIxx5g8ryRrUL0xrJhLrJPlvZbZjxVaui0=",
        "owner": "mitchellh",
        "repo": "zig-overlay",
        "rev": "8f7347545dea59b75e40247cc1ed55a42f64dbbf",
        "type": "github"
      },
      "original": {
        "owner": "mitchellh",
        "repo": "zig-overlay",
        "type": "github"
      }
    }
  },
  "root": "root",
  "version": 7
}
